Microsoft Visual Studio Solution File, Format Version 12.00
# Visual Studio Version 17
VisualStudioVersion = 17.5.2.0
MinimumVisualStudioVersion = 10.0.40219.1
Project("{FAE04EC0-301F-11D3-BF4B-00C04F79EFBC}") = "AppStoreConnectCli", "AppStoreConnectCli.csproj", "{47AAAC61-4238-12A0-F987-049C58C4CD61}"
EndProject
Global
	GlobalSection(SolutionConfigurationPlatforms) = preSolution
		Debug|Any CPU = Debug|Any CPU
		Release|Any CPU = Release|Any CPU
	EndGlobalSection
	GlobalSection(ProjectConfigurationPlatforms) = postSolution
		{47AAAC61-4238-12A0-F987-049C58C4CD61}.Debug|Any CPU.ActiveCfg = Debug|Any CPU
		{47AAAC61-4238-12A0-F987-049C58C4CD61}.Debug|Any CPU.Build.0 = Debug|Any CPU
		{47AAAC61-4238-12A0-F987-049C58C4CD61}.Release|Any CPU.ActiveCfg = Release|Any CPU
		{47AAAC61-4238-12A0-F987-049C58C4CD61}.Release|Any CPU.Build.0 = Release|Any CPU
	EndGlobalSection
	GlobalSection(SolutionProperties) = preSolution
		HideSolutionNode = FALSE
	EndGlobalSection
	GlobalSection(ExtensibilityGlobals) = postSolution
		SolutionGuid = {24D5FFAE-0B5F-4215-91F1-7406F31AAB9C}
	EndGlobalSection
EndGlobal
